// !$*UTF8*$!
{
	archiveVersion = 1;
	classes = {
	};
	objectVersion = 55;
	objects = {

/* Begin PBXBuildFile section */
		55730F2B27CA0D7B006174A6 /* MoviesDBApp.swift in Sources */ = {isa = PBXBuildFile; fileRef = 55730F2A27CA0D7B006174A6 /* MoviesDBApp.swift */; };
		55730F2F27CA0D7C006174A6 /* Assets.xcassets in Resources */ = {isa = PBXBuildFile; fileRef = 55730F2E27CA0D7C006174A6 /* Assets.xcassets */; };
		55730F3227CA0D7C006174A6 /* Preview Assets.xcassets in Resources */ = {isa = PBXBuildFile; fileRef = 55730F3127CA0D7C006174A6 /* Preview Assets.xcassets */; };
		55730F3427CA0D7C006174A6 /* Persistence.swift in Sources */ = {isa = PBXBuildFile; fileRef = 55730F3327CA0D7C006174A6 /* Persistence.swift */; };
		55730F3727CA0D7C006174A6 /* MoviesDB.xcdatamodeld in Sources */ = {isa = PBXBuildFile; fileRef = 55730F3527CA0D7C006174A6 /* MoviesDB.xcdatamodeld */; };
		55730F4127CA0D7C006174A6 /* MoviesDBTests.swift in Sources */ = {isa = PBXBuildFile; fileRef = 55730F4027CA0D7C006174A6 /* MoviesDBTests.swift */; };
		55730F4B27CA0D7C006174A6 /* MoviesDBUITests.swift in Sources */ = {isa = PBXBuildFile; fileRef = 55730F4A27CA0D7C006174A6 /* MoviesDBUITests.swift */; };
		55730F4D27CA0D7C006174A6 /* MoviesDBUITestsLaunchTests.swift in Sources */ = {isa = PBXBuildFile; fileRef = 55730F4C27CA0D7C006174A6 /* MoviesDBUITestsLaunchTests.swift */; };
		55E64C3727CA80F2004D59C6 /* API.swift in Sources */ = {isa = PBXBuildFile; fileRef = 55E64C3627CA80F2004D59C6 /* API.swift */; };
		55E64C3927CA8735004D59C6 /* MoviesListView.swift in Sources */ = {isa = PBXBuildFile; fileRef = 55E64C3827CA8735004D59C6 /* MoviesListView.swift */; };
		55E64C3E27CA8774004D59C6 /* MoviesListViewModel.swift in Sources */ = {isa = PBXBuildFile; fileRef = 55E64C3D27CA8774004D59C6 /* MoviesListViewModel.swift */; };
		55E64C4027CA87DC004D59C6 /* Protocols.swift in Sources */ = {isa = PBXBuildFile; fileRef = 55E64C3F27CA87DC004D59C6 /* Protocols.swift */; };
		55E64C4227CA8858004D59C6 /* Movie.swift in Sources */ = {isa = PBXBuildFile; fileRef = 55E64C4127CA8858004D59C6 /* Movie.swift */; };
		55E64C4427CA8925004D59C6 /* Type.swift in Sources */ = {isa = PBXBuildFile; fileRef = 55E64C4327CA8925004D59C6 /* Type.swift */; };
		55E64C4727CB09E5004D59C6 /* MoviesListViewService.swift in Sources */ = {isa = PBXBuildFile; fileRef = 55E64C4627CB09E4004D59C6 /* MoviesListViewService.swift */; };
		55E64C5027CBB3C6004D59C6 /* SearchResponse.swift in Sources */ = {isa = PBXBuildFile; fileRef = 55E64C4F27CBB3C6004D59C6 /* SearchResponse.swift */; };
		55E64C5327CBC955004D59C6 /* MovieGridCellView.swift in Sources */ = {isa = PBXBuildFile; fileRef = 55E64C5227CBC955004D59C6 /* MovieGridCellView.swift */; };
		55E64C5727CC5D60004D59C6 /* MovieResponse.swift in Sources */ = {isa = PBXBuildFile; fileRef = 55E64C5627CC5D60004D59C6 /* MovieResponse.swift */; };
		55E64C5927CC9EAE004D59C6 /* Utilities.swift in Sources */ = {isa = PBXBuildFile; fileRef = 55E64C5827CC9EAE004D59C6 /* Utilities.swift */; };
		55E64C5C27CCD7F6004D59C6 /* MovieDetailsView.swift in Sources */ = {isa = PBXBuildFile; fileRef = 55E64C5B27CCD7F6004D59C6 /* MovieDetailsView.swift */; };
		55E64C5E27CCD822004D59C6 /* MovieDetailsViewModel.swift in Sources */ = {isa = PBXBuildFile; fileRef = 55E64C5D27CCD822004D59C6 /* MovieDetailsViewModel.swift */; };
		55E64C6027CCD82E004D59C6 /* MovieDetailsViewService.swift in Sources */ = {isa = PBXBuildFile; fileRef = 55E64C5F27CCD82E004D59C6 /* MovieDetailsViewService.swift */; };
		55E64C6327CCDF11004D59C6 /* MovieDetailsResponse.swift in Sources */ = {isa = PBXBuildFile; fileRef = 55E64C6227CCDF11004D59C6 /* MovieDetailsResponse.swift */; };
		55E64C6527CCF691004D59C6 /* MovieDetails.swift in Sources */ = {isa = PBXBuildFile; fileRef = 55E64C6427CCF691004D59C6 /* MovieDetails.swift */; };
		55E64C6727CD41ED004D59C6 /* AlertModel.swift in Sources */ = {isa = PBXBuildFile; fileRef = 55E64C6627CD41EC004D59C6 /* AlertModel.swift */; };
/* End PBXBuildFile section */

/* Begin PBXContainerItemProxy section */
		55730F3D27CA0D7C006174A6 /* PBXContainerItemProxy */ = {
			isa = PBXContainerItemProxy;
			containerPortal = 55730F1F27CA0D7B006174A6 /* Project object */;
			proxyType = 1;
			remoteGlobalIDString = 55730F2627CA0D7B006174A6;
			remoteInfo = MoviesDB;
		};
		55730F4727CA0D7C006174A6 /* PBXContainerItemProxy */ = {
			isa = PBXContainerItemProxy;
			containerPortal = 55730F1F27CA0D7B006174A6 /* Project object */;
			proxyType = 1;
			remoteGlobalIDString = 55730F2627CA0D7B006174A6;
			remoteInfo = MoviesDB;
		};
/* End PBXContainerItemProxy section */

/* Begin PBXFileReference section */
		55730F2727CA0D7B006174A6 /* MoviesDB.app */ = {isa = PBXFileReference; explicitFileType = wrapper.application; includeInIndex = 0; path = MoviesDB.app; sourceTree = BUILT_PRODUCTS_DIR; };
		55730F2A27CA0D7B006174A6 /* MoviesDBApp.swift */ = {isa = PBXFileReference; lastKnownFileType = sourcecode.swift; path = MoviesDBApp.swift; sourceTree = "<group>"; };
		55730F2E27CA0D7C006174A6 /* Assets.xcassets */ = {isa = PBXFileReference; lastKnownFileType = folder.assetcatalog; path = Assets.xcassets; sourceTree = "<group>"; };
		55730F3127CA0D7C006174A6 /* Preview Assets.xcassets */ = {isa = PBXFileReference; lastKnownFileType = folder.assetcatalog; path = "Preview Assets.xcassets"; sourceTree = "<group>"; };
		55730F3327CA0D7C006174A6 /* Persistence.swift */ = {isa = PBXFileReference; lastKnownFileType = sourcecode.swift; path = Persistence.swift; sourceTree = "<group>"; };
		55730F3627CA0D7C006174A6 /* MoviesDB.xcdatamodel */ = {isa = PBXFileReference; lastKnownFileType = wrapper.xcdatamodel; path = MoviesDB.xcdatamodel; sourceTree = "<group>"; };
		55730F3C27CA0D7C006174A6 /* MoviesDBTests.xctest */ = {isa = PBXFileReference; explicitFileType = wrapper.cfbundle; includeInIndex = 0; path = MoviesDBTests.xctest; sourceTree = BUILT_PRODUCTS_DIR; };
		55730F4027CA0D7C006174A6 /* MoviesDBTests.swift */ = {isa = PBXFileReference; lastKnownFileType = sourcecode.swift; path = MoviesDBTests.swift; sourceTree = "<group>"; };
		55730F4627CA0D7C006174A6 /* MoviesDBUITests.xctest */ = {isa = PBXFileReference; explicitFileType = wrapper.cfbundle; includeInIndex = 0; path = MoviesDBUITests.xctest; sourceTree = BUILT_PRODUCTS_DIR; };
		55730F4A27CA0D7C006174A6 /* MoviesDBUITests.swift */ = {isa = PBXFileReference; lastKnownFileType = sourcecode.swift; path = MoviesDBUITests.swift; sourceTree = "<group>"; };
		55730F4C27CA0D7C006174A6 /* MoviesDBUITestsLaunchTests.swift */ = {isa = PBXFileReference; lastKnownFileType = sourcecode.swift; path = MoviesDBUITestsLaunchTests.swift; sourceTree = "<group>"; };
		55E64C3627CA80F2004D59C6 /* API.swift */ = {isa = PBXFileReference; lastKnownFileType = sourcecode.swift; path = API.swift; sourceTree = "<group>"; };
		55E64C3827CA8735004D59C6 /* MoviesListView.swift */ = {isa = PBXFileReference; lastKnownFileType = sourcecode.swift; path = MoviesListView.swift; sourceTree = "<group>"; };
		55E64C3D27CA8774004D59C6 /* MoviesListViewModel.swift */ = {isa = PBXFileReference; lastKnownFileType = sourcecode.swift; path = MoviesListViewModel.swift; sourceTree = "<group>"; };
		55E64C3F27CA87DC004D59C6 /* Protocols.swift */ = {isa = PBXFileReference; lastKnownFileType = sourcecode.swift; path = Protocols.swift; sourceTree = "<group>"; };
		55E64C4127CA8858004D59C6 /* Movie.swift */ = {isa = PBXFileReference; lastKnownFileType = sourcecode.swift; path = Movie.swift; sourceTree = "<group>"; };
		55E64C4327CA8925004D59C6 /* Type.swift */ = {isa = PBXFileReference; lastKnownFileType = sourcecode.swift; path = Type.swift; sourceTree = "<group>"; };
		55E64C4627CB09E4004D59C6 /* MoviesListViewService.swift */ = {isa = PBXFileReference; lastKnownFileType = sourcecode.swift; path = MoviesListViewService.swift; sourceTree = "<group>"; };
		55E64C4F27CBB3C6004D59C6 /* SearchResponse.swift */ = {isa = PBXFileReference; fileEncoding = 4; lastKnownFileType = sourcecode.swift; path = SearchResponse.swift; sourceTree = "<group>"; };
		55E64C5127CBB45F004D59C6 /* Info.plist */ = {isa = PBXFileReference; lastKnownFileType = text.plist.xml; path = Info.plist; sourceTree = "<group>"; };
		55E64C5227CBC955004D59C6 /* MovieGridCellView.swift */ = {isa = PBXFileReference; lastKnownFileType = sourcecode.swift; path = MovieGridCellView.swift; sourceTree = "<group>"; };
		55E64C5627CC5D60004D59C6 /* MovieResponse.swift */ = {isa = PBXFileReference; lastKnownFileType = sourcecode.swift; path = MovieResponse.swift; sourceTree = "<group>"; };
		55E64C5827CC9EAE004D59C6 /* Utilities.swift */ = {isa = PBXFileReference; lastKnownFileType = sourcecode.swift; path = Utilities.swift; sourceTree = "<group>"; };
		55E64C5B27CCD7F6004D59C6 /* MovieDetailsView.swift */ = {isa = PBXFileReference; lastKnownFileType = sourcecode.swift; path = MovieDetailsView.swift; sourceTree = "<group>"; };
		55E64C5D27CCD822004D59C6 /* MovieDetailsViewModel.swift */ = {isa = PBXFileReference; lastKnownFileType = sourcecode.swift; path = MovieDetailsViewModel.swift; sourceTree = "<group>"; };
		55E64C5F27CCD82E004D59C6 /* MovieDetailsViewService.swift */ = {isa = PBXFileReference; lastKnownFileType = sourcecode.swift; path = MovieDetailsViewService.swift; sourceTree = "<group>"; };
		55E64C6227CCDF11004D59C6 /* MovieDetailsResponse.swift */ = {isa = PBXFileReference; lastKnownFileType = sourcecode.swift; path = MovieDetailsResponse.swift; sourceTree = "<group>"; };
		55E64C6427CCF691004D59C6 /* MovieDetails.swift */ = {isa = PBXFileReference; lastKnownFileType = sourcecode.swift; path = MovieDetails.swift; sourceTree = "<group>"; };
		55E64C6627CD41EC004D59C6 /* AlertModel.swift */ = {isa = PBXFileReference; lastKnownFileType = sourcecode.swift; path = AlertModel.swift; sourceTree = "<group>"; };
/* End PBXFileReference section */

/* Begin PBXFrameworksBuildPhase section */
		55730F2427CA0D7B006174A6 /* Frameworks */ = {
			isa = PBXFrameworksBuildPhase;
			buildActionMask = 2147483647;
			files = (
			);
			runOnlyForDeploymentPostprocessing = 0;
		};
		55730F3927CA0D7C006174A6 /* Frameworks */ = {
			isa = PBXFrameworksBuildPhase;
			buildActionMask = 2147483647;
			files = (
			);
			runOnlyForDeploymentPostprocessing = 0;
		};
		55730F4327CA0D7C006174A6 /* Frameworks */ = {
			isa = PBXFrameworksBuildPhase;
			buildActionMask = 2147483647;
			files = (
			);
			runOnlyForDeploymentPostprocessing = 0;
		};
/* End PBXFrameworksBuildPhase section */

/* Begin PBXGroup section */
		55730F1E27CA0D7B006174A6 = {
			isa = PBXGroup;
			children = (
				55730F2927CA0D7B006174A6 /* MoviesDB */,
				55730F3F27CA0D7C006174A6 /* MoviesDBTests */,
				55730F4927CA0D7C006174A6 /* MoviesDBUITests */,
				55730F2827CA0D7B006174A6 /* Products */,
			);
			sourceTree = "<group>";
		};
		55730F2827CA0D7B006174A6 /* Products */ = {
			isa = PBXGroup;
			children = (
				55730F2727CA0D7B006174A6 /* MoviesDB.app */,
				55730F3C27CA0D7C006174A6 /* MoviesDBTests.xctest */,
				55730F4627CA0D7C006174A6 /* MoviesDBUITests.xctest */,
			);
			name = Products;
			sourceTree = "<group>";
		};
		55730F2927CA0D7B006174A6 /* MoviesDB */ = {
			isa = PBXGroup;
			children = (
				55E64C5127CBB45F004D59C6 /* Info.plist */,
				55730F2A27CA0D7B006174A6 /* MoviesDBApp.swift */,
				55E64C3627CA80F2004D59C6 /* API.swift */,
				55E64C3F27CA87DC004D59C6 /* Protocols.swift */,
				55E64C5827CC9EAE004D59C6 /* Utilities.swift */,
				55E64C4527CA8C54004D59C6 /* Model */,
				55E64C6127CCD83B004D59C6 /* CommonViews */,
				55E64C3C27CA8751004D59C6 /* MoviesList */,
				55E64C5A27CCD7D0004D59C6 /* MovieDetails */,
				55730F2E27CA0D7C006174A6 /* Assets.xcassets */,
				55730F3327CA0D7C006174A6 /* Persistence.swift */,
				55730F3527CA0D7C006174A6 /* MoviesDB.xcdatamodeld */,
				55730F3027CA0D7C006174A6 /* Preview Content */,
			);
			path = MoviesDB;
			sourceTree = "<group>";
		};
		55730F3027CA0D7C006174A6 /* Preview Content */ = {
			isa = PBXGroup;
			children = (
				55730F3127CA0D7C006174A6 /* Preview Assets.xcassets */,
			);
			path = "Preview Content";
			sourceTree = "<group>";
		};
		55730F3F27CA0D7C006174A6 /* MoviesDBTests */ = {
			isa = PBXGroup;
			children = (
				55730F4027CA0D7C006174A6 /* MoviesDBTests.swift */,
			);
			path = MoviesDBTests;
			sourceTree = "<group>";
		};
		55730F4927CA0D7C006174A6 /* MoviesDBUITests */ = {
			isa = PBXGroup;
			children = (
				55730F4A27CA0D7C006174A6 /* MoviesDBUITests.swift */,
				55730F4C27CA0D7C006174A6 /* MoviesDBUITestsLaunchTests.swift */,
			);
			path = MoviesDBUITests;
			sourceTree = "<group>";
		};
		55E64C3C27CA8751004D59C6 /* MoviesList */ = {
			isa = PBXGroup;
			children = (
				55E64C3827CA8735004D59C6 /* MoviesListView.swift */,
				55E64C3D27CA8774004D59C6 /* MoviesListViewModel.swift */,
				55E64C4627CB09E4004D59C6 /* MoviesListViewService.swift */,
			);
			path = MoviesList;
			sourceTree = "<group>";
		};
		55E64C4527CA8C54004D59C6 /* Model */ = {
			isa = PBXGroup;
			children = (
				55E64C4327CA8925004D59C6 /* Type.swift */,
				55E64C4127CA8858004D59C6 /* Movie.swift */,
				55E64C6427CCF691004D59C6 /* MovieDetails.swift */,
				55E64C6627CD41EC004D59C6 /* AlertModel.swift */,
				55E64C4E27CBB3C6004D59C6 /* Response */,
			);
			path = Model;
			sourceTree = "<group>";
		};
		55E64C4E27CBB3C6004D59C6 /* Response */ = {
			isa = PBXGroup;
			children = (
				55E64C4F27CBB3C6004D59C6 /* SearchResponse.swift */,
				55E64C5627CC5D60004D59C6 /* MovieResponse.swift */,
				55E64C6227CCDF11004D59C6 /* MovieDetailsResponse.swift */,
			);
			path = Response;
			sourceTree = "<group>";
		};
		55E64C5A27CCD7D0004D59C6 /* MovieDetails */ = {
			isa = PBXGroup;
			children = (
				55E64C5B27CCD7F6004D59C6 /* MovieDetailsView.swift */,
				55E64C5D27CCD822004D59C6 /* MovieDetailsViewModel.swift */,
				55E64C5F27CCD82E004D59C6 /* MovieDetailsViewService.swift */,
			);
			path = MovieDetails;
			sourceTree = "<group>";
		};
		55E64C6127CCD83B004D59C6 /* CommonViews */ = {
			isa = PBXGroup;
			children = (
				55E64C5227CBC955004D59C6 /* MovieGridCellView.swift */,
			);
			path = CommonViews;
			sourceTree = "<group>";
		};
/* End PBXGroup section */

/* Begin PBXNativeTarget section */
		55730F2627CA0D7B006174A6 /* MoviesDB */ = {
			isa = PBXNativeTarget;
			buildConfigurationList = 55730F5027CA0D7C006174A6 /* Build configuration list for PBXNativeTarget "MoviesDB" */;
			buildPhases = (
				55730F2327CA0D7B006174A6 /* Sources */,
				55730F2427CA0D7B006174A6 /* Frameworks */,
				55730F2527CA0D7B006174A6 /* Resources */,
			);
			buildRules = (
			);
			dependencies = (
			);
			name = MoviesDB;
			productName = MoviesDB;
			productReference = 55730F2727CA0D7B006174A6 /* MoviesDB.app */;
			productType = "com.apple.product-type.application";
		};
		55730F3B27CA0D7C006174A6 /* MoviesDBTests */ = {
			isa = PBXNativeTarget;
			buildConfigurationList = 55730F5327CA0D7C006174A6 /* Build configuration list for PBXNativeTarget "MoviesDBTests" */;
			buildPhases = (
				55730F3827CA0D7C006174A6 /* Sources */,
				55730F3927CA0D7C006174A6 /* Frameworks */,
				55730F3A27CA0D7C006174A6 /* Resources */,
			);
			buildRules = (
			);
			dependencies = (
				55730F3E27CA0D7C006174A6 /* PBXTargetDependency */,
			);
			name = MoviesDBTests;
			productName = MoviesDBTests;
			productReference = 55730F3C27CA0D7C006174A6 /* MoviesDBTests.xctest */;
			productType = "com.apple.product-type.bundle.unit-test";
		};
		55730F4527CA0D7C006174A6 /* MoviesDBUITests */ = {
			isa = PBXNativeTarget;
			buildConfigurationList = 55730F5627CA0D7C006174A6 /* Build configuration list for PBXNativeTarget "MoviesDBUITests" */;
			buildPhases = (
				55730F4227CA0D7C006174A6 /* Sources */,
				55730F4327CA0D7C006174A6 /* Frameworks */,
				55730F4427CA0D7C006174A6 /* Resources */,
			);
			buildRules = (
			);
			dependencies = (
				55730F4827CA0D7C006174A6 /* PBXTargetDependency */,
			);
			name = MoviesDBUITests;
			productName = MoviesDBUITests;
			productReference = 55730F4627CA0D7C006174A6 /* MoviesDBUITests.xctest */;
			productType = "com.apple.product-type.bundle.ui-testing";
		};
/* End PBXNativeTarget section */

/* Begin PBXProject section */
		55730F1F27CA0D7B006174A6 /* Project object */ = {
			isa = PBXProject;
			attributes = {
				BuildIndependentTargetsInParallel = 1;
				LastSwiftUpdateCheck = 1310;
				LastUpgradeCheck = 1310;
				TargetAttributes = {
					55730F2627CA0D7B006174A6 = {
						CreatedOnToolsVersion = 13.1;
					};
					55730F3B27CA0D7C006174A6 = {
						CreatedOnToolsVersion = 13.1;
						TestTargetID = 55730F2627CA0D7B006174A6;
					};
					55730F4527CA0D7C006174A6 = {
						CreatedOnToolsVersion = 13.1;
						TestTargetID = 55730F2627CA0D7B006174A6;
					};
				};
			};
			buildConfigurationList = 55730F2227CA0D7B006174A6 /* Build configuration list for PBXProject "MoviesDB" */;
			compatibilityVersion = "Xcode 13.0";
			developmentRegion = en;
			hasScannedForEncodings = 0;
			knownRegions = (
				en,
				Base,
			);
			mainGroup = 55730F1E27CA0D7B006174A6;
			productRefGroup = 55730F2827CA0D7B006174A6 /* Products */;
			projectDirPath = "";
			projectRoot = "";
			targets = (
				55730F2627CA0D7B006174A6 /* MoviesDB */,
				55730F3B27CA0D7C006174A6 /* MoviesDBTests */,
				55730F4527CA0D7C006174A6 /* MoviesDBUITests */,
			);
		};
/* End PBXProject section */

/* Begin PBXResourcesBuildPhase section */
		55730F2527CA0D7B006174A6 /* Resources */ = {
			isa = PBXResourcesBuildPhase;
			buildActionMask = 2147483647;
			files = (
				55730F3227CA0D7C006174A6 /* Preview Assets.xcassets in Resources */,
				55730F2F27CA0D7C006174A6 /* Assets.xcassets in Resources */,
			);
			runOnlyForDeploymentPostprocessing = 0;
		};
		55730F3A27CA0D7C006174A6 /* Resources */ = {
			isa = PBXResourcesBuildPhase;
			buildActionMask = 2147483647;
			files = (
			);
			runOnlyForDeploymentPostprocessing = 0;
		};
		55730F4427CA0D7C006174A6 /* Resources */ = {
			isa = PBXResourcesBuildPhase;
			buildActionMask = 2147483647;
			files = (
			);
			runOnlyForDeploymentPostprocessing = 0;
		};
/* End PBXResourcesBuildPhase section */

/* Begin PBXSourcesBuildPhase section */
		55730F2327CA0D7B006174A6 /* Sources */ = {
			isa = PBXSourcesBuildPhase;
			buildActionMask = 2147483647;
			files = (
				55E64C4227CA8858004D59C6 /* Movie.swift in Sources */,
				55E64C3727CA80F2004D59C6 /* API.swift in Sources */,
				55E64C5927CC9EAE004D59C6 /* Utilities.swift in Sources */,
				55730F3427CA0D7C006174A6 /* Persistence.swift in Sources */,
				55730F3727CA0D7C006174A6 /* MoviesDB.xcdatamodeld in Sources */,
				55E64C4727CB09E5004D59C6 /* MoviesListViewService.swift in Sources */,
				55E64C6027CCD82E004D59C6 /* MovieDetailsViewService.swift in Sources */,
				55E64C4427CA8925004D59C6 /* Type.swift in Sources */,
				55E64C6727CD41ED004D59C6 /* AlertModel.swift in Sources */,
				55E64C3927CA8735004D59C6 /* MoviesListView.swift in Sources */,
				55E64C5E27CCD822004D59C6 /* MovieDetailsViewModel.swift in Sources */,
				55E64C5027CBB3C6004D59C6 /* SearchResponse.swift in Sources */,
				55E64C5C27CCD7F6004D59C6 /* MovieDetailsView.swift in Sources */,
				55E64C6327CCDF11004D59C6 /* MovieDetailsResponse.swift in Sources */,
				55E64C5727CC5D60004D59C6 /* MovieResponse.swift in Sources */,
				55730F2B27CA0D7B006174A6 /* MoviesDBApp.swift in Sources */,
				55E64C5327CBC955004D59C6 /* MovieGridCellView.swift in Sources */,
				55E64C3E27CA8774004D59C6 /* MoviesListViewModel.swift in Sources */,
				55E64C6527CCF691004D59C6 /* MovieDetails.swift in Sources */,
				55E64C4027CA87DC004D59C6 /* Protocols.swift in Sources */,
			);
			runOnlyForDeploymentPostprocessing = 0;
		};
		55730F3827CA0D7C006174A6 /* Sources */ = {
			isa = PBXSourcesBuildPhase;
			buildActionMask = 2147483647;
			files = (
				55730F4127CA0D7C006174A6 /* MoviesDBTests.swift in Sources */,
			);
			runOnlyForDeploymentPostprocessing = 0;
		};
		55730F4227CA0D7C006174A6 /* Sources */ = {
			isa = PBXSourcesBuildPhase;
			buildActionMask = 2147483647;
			files = (
				55730F4D27CA0D7C006174A6 /* MoviesDBUITestsLaunchTests.swift in Sources */,
				55730F4B27CA0D7C006174A6 /* MoviesDBUITests.swift in Sources */,
			);
			runOnlyForDeploymentPostprocessing = 0;
		};
/* End PBXSourcesBuildPhase section */

/* Begin PBXTargetDependency section */
		55730F3E27CA0D7C006174A6 /* PBXTargetDependency */ = {
			isa = PBXTargetDependency;
			target = 55730F2627CA0D7B006174A6 /* MoviesDB */;
			targetProxy = 55730F3D27CA0D7C006174A6 /* PBXContainerItemProxy */;
		};
		55730F4827CA0D7C006174A6 /* PBXTargetDependency */ = {
			isa = PBXTargetDependency;
			target = 55730F2627CA0D7B006174A6 /* MoviesDB */;
			targetProxy = 55730F4727CA0D7C006174A6 /* PBXContainerItemProxy */;
		};
/* End PBXTargetDependency section */

/* Begin XCBuildConfiguration section */
		55730F4E27CA0D7C006174A6 /* Debug */ = {
			isa = XCBuildConfiguration;
			buildSettings = {
				ALWAYS_SEARCH_USER_PATHS = NO;
				CLANG_ANALYZER_NONNULL = YES;
				CLANG_ANALYZER_NUMBER_OBJECT_CONVERSION = YES_AGGRESSIVE;
				CLANG_CXX_LANGUAGE_STANDARD = "gnu++17";
				CLANG_CXX_LIBRARY = "libc++";
				CLANG_ENABLE_MODULES = YES;
				CLANG_ENABLE_OBJC_ARC = YES;
				CLANG_ENABLE_OBJC_WEAK = YES;
				CLANG_WARN_BLOCK_CAPTURE_AUTORELEASING = YES;
				CLANG_WARN_BOOL_CONVERSION = YES;
				CLANG_WARN_COMMA = YES;
				CLANG_WARN_CONSTANT_CONVERSION = YES;
				CLANG_WARN_DEPRECATED_OBJC_IMPLEMENTATIONS = YES;
				CLANG_WARN_DIRECT_OBJC_ISA_USAGE = YES_ERROR;
				CLANG_WARN_DOCUMENTATION_COMMENTS = YES;
				CLANG_WARN_EMPTY_BODY = YES;
				CLANG_WARN_ENUM_CONVERSION = YES;
				CLANG_WARN_INFINITE_RECURSION = YES;
				CLANG_WARN_INT_CONVERSION = YES;
				CLANG_WARN_NON_LITERAL_NULL_CONVERSION = YES;
				CLANG_WARN_OBJC_IMPLICIT_RETAIN_SELF = YES;
				CLANG_WARN_OBJC_LITERAL_CONVERSION = YES;
				CLANG_WARN_OBJC_ROOT_CLASS = YES_ERROR;
				CLANG_WARN_QUOTED_INCLUDE_IN_FRAMEWORK_HEADER = YES;
				CLANG_WARN_RANGE_LOOP_ANALYSIS = YES;
				CLANG_WARN_STRICT_PROTOTYPES = YES;
				CLANG_WARN_SUSPICIOUS_MOVE = YES;
				CLANG_WARN_UNGUARDED_AVAILABILITY = YES_AGGRESSIVE;
				CLANG_WARN_UNREACHABLE_CODE = YES;
				CLANG_WARN__DUPLICATE_METHOD_MATCH = YES;
				COPY_PHASE_STRIP = NO;
				DEBUG_INFORMATION_FORMAT = dwarf;
				ENABLE_STRICT_OBJC_MSGSEND = YES;
				ENABLE_TESTABILITY = YES;
				GCC_C_LANGUAGE_STANDARD = gnu11;
				GCC_DYNAMIC_NO_PIC = NO;
				GCC_NO_COMMON_BLOCKS = YES;
				GCC_OPTIMIZATION_LEVEL = 0;
				GCC_PREPROCESSOR_DEFINITIONS = (
					"DEBUG=1",
					"$(inherited)",
				);
				GCC_WARN_64_TO_32_BIT_CONVERSION = YES;
				GCC_WARN_ABOUT_RETURN_TYPE = YES_ERROR;
				GCC_WARN_UNDECLARED_SELECTOR = YES;
				GCC_WARN_UNINITIALIZED_AUTOS = YES_AGGRESSIVE;
				GCC_WARN_UNUSED_FUNCTION = YES;
				GCC_WARN_UNUSED_VARIABLE = YES;
				IPHONEOS_DEPLOYMENT_TARGET = 15.0;
				MTL_ENABLE_DEBUG_INFO = INCLUDE_SOURCE;
				MTL_FAST_MATH = YES;
				ONLY_ACTIVE_ARCH = YES;
				SDKROOT = iphoneos;
				SWIFT_ACTIVE_COMPILATION_CONDITIONS = DEBUG;
				SWIFT_OPTIMIZATION_LEVEL = "-Onone";
			};
			name = Debug;
		};
		55730F4F27CA0D7C006174A6 /* Release */ = {
			isa = XCBuildConfiguration;
			buildSettings = {
				ALWAYS_SEARCH_USER_PATHS = NO;
				CLANG_ANALYZER_NONNULL = YES;
				CLANG_ANALYZER_NUMBER_OBJECT_CONVERSION = YES_AGGRESSIVE;
				CLANG_CXX_LANGUAGE_STANDARD = "gnu++17";
				CLANG_CXX_LIBRARY = "libc++";
				CLANG_ENABLE_MODULES = YES;
				CLANG_ENABLE_OBJC_ARC = YES;
				CLANG_ENABLE_OBJC_WEAK = YES;
				CLANG_WARN_BLOCK_CAPTURE_AUTORELEASING = YES;
				CLANG_WARN_BOOL_CONVERSION = YES;
				CLANG_WARN_COMMA = YES;
				CLANG_WARN_CONSTANT_CONVERSION = YES;
				CLANG_WARN_DEPRECATED_OBJC_IMPLEMENTATIONS = YES;
				CLANG_WARN_DIRECT_OBJC_ISA_USAGE = YES_ERROR;
				CLANG_WARN_DOCUMENTATION_COMMENTS = YES;
				CLANG_WARN_EMPTY_BODY = YES;
				CLANG_WARN_ENUM_CONVERSION = YES;
				CLANG_WARN_INFINITE_RECURSION = YES;
				CLANG_WARN_INT_CONVERSION = YES;
				CLANG_WARN_NON_LITERAL_NULL_CONVERSION = YES;
				CLANG_WARN_OBJC_IMPLICIT_RETAIN_SELF = YES;
				CLANG_WARN_OBJC_LITERAL_CONVERSION = YES;
				CLANG_WARN_OBJC_ROOT_CLASS = YES_ERROR;
				CLANG_WARN_QUOTED_INCLUDE_IN_FRAMEWORK_HEADER = YES;
				CLANG_WARN_RANGE_LOOP_ANALYSIS = YES;
				CLANG_WARN_STRICT_PROTOTYPES = YES;
				CLANG_WARN_SUSPICIOUS_MOVE = YES;
				CLANG_WARN_UNGUARDED_AVAILABILITY = YES_AGGRESSIVE;
				CLANG_WARN_UNREACHABLE_CODE = YES;
				CLANG_WARN__DUPLICATE_METHOD_MATCH = YES;
				COPY_PHASE_STRIP = NO;
				DEBUG_INFORMATION_FORMAT = "dwarf-with-dsym";
				ENABLE_NS_ASSERTIONS = NO;
				ENABLE_STRICT_OBJC_MSGSEND = YES;
				GCC_C_LANGUAGE_STANDARD = gnu11;
				GCC_NO_COMMON_BLOCKS = YES;
				GCC_WARN_64_TO_32_BIT_CONVERSION = YES;
				GCC_WARN_ABOUT_RETURN_TYPE = YES_ERROR;
				GCC_WARN_UNDECLARED_SELECTOR = YES;
				GCC_WARN_UNINITIALIZED_AUTOS = YES_AGGRESSIVE;
				GCC_WARN_UNUSED_FUNCTION = YES;
				GCC_WARN_UNUSED_VARIABLE = YES;
				IPHONEOS_DEPLOYMENT_TARGET = 15.0;
				MTL_ENABLE_DEBUG_INFO = NO;
				MTL_FAST_MATH = YES;
				SDKROOT = iphoneos;
				SWIFT_COMPILATION_MODE = wholemodule;
				SWIFT_OPTIMIZATION_LEVEL = "-O";
				VALIDATE_PRODUCT = YES;
			};
			name = Release;
		};
		55730F5127CA0D7C006174A6 /* Debug */ = {
			isa = XCBuildConfiguration;
			buildSettings = {
				ASSETCATALOG_COMPILER_APPICON_NAME = AppIcon;
				ASSETCATALOG_COMPILER_GLOBAL_ACCENT_COLOR_NAME = AccentColor;
				CODE_SIGN_STYLE = Automatic;
				CURRENT_PROJECT_VERSION = 1;
				DEVELOPMENT_ASSET_PATHS = "\"MoviesDB/Preview Content\"";
				DEVELOPMENT_TEAM = 2KM52TUWUW;
				ENABLE_PREVIEWS = YES;
				GENERATE_INFOPLIST_FILE = YES;
				INFOPLIST_FILE = MoviesDB/Info.plist;
				INFOPLIST_KEY_UIApplicationSceneManifest_Generation = YES;
				INFOPLIST_KEY_UIApplicationSupportsIndirectInputEvents = YES;
				INFOPLIST_KEY_UILaunchScreen_Generation = YES;
				INFOPLIST_KEY_UISupportedInterfaceOrientations_iPad = "UIInterfaceOrientationPortrait UIInterfaceOrientationPortraitUpsideDown UIInterfaceOrientationLandscapeLeft UIInterfaceOrientationLandscapeRight";
				INFOPLIST_KEY_UISupportedInterfaceOrientations_iPhone = "UIInterfaceOrientationPortrait UIInterfaceOrientationLandscapeLeft UIInterfaceOrientationLandscapeRight";
				IPHONEOS_DEPLOYMENT_TARGET = 14.0;
				LD_RUNPATH_SEARCH_PATHS = (
					"$(inherited)",
					"@executable_path/Frameworks",
				);
				MARKETING_VERSION = 1.0;
				PRODUCT_BUNDLE_IDENTIFIER = com.vjc.MoviesDB;
				PRODUCT_NAME = "$(TARGET_NAME)";
				SWIFT_EMIT_LOC_STRINGS = YES;
				SWIFT_VERSION = 5.0;
				TARGETED_DEVICE_FAMILY = "1,2";
			};
			name = Debug;
		};
		55730F5227CA0D7C006174A6 /* Release */ = {
			isa = XCBuildConfiguration;
			buildSettings = {
				ASSETCATALOG_COMPILER_APPICON_NAME = AppIcon;
				ASSETCATALOG_COMPILER_GLOBAL_ACCENT_COLOR_NAME = AccentColor;
				CODE_SIGN_STYLE = Automatic;
				CURRENT_PROJECT_VERSION = 1;
				DEVELOPMENT_ASSET_PATHS = "\"MoviesDB/Preview Content\"";
				DEVELOPMENT_TEAM = 2KM52TUWUW;
				ENABLE_PREVIEWS = YES;
				GENERATE_INFOPLIST_FILE = YES;
				INFOPLIST_FILE = MoviesDB/Info.plist;
				INFOPLIST_KEY_UIApplicationSceneManifest_Generation = YES;
				INFOPLIST_KEY_UIApplicationSupportsIndirectInputEvents = YES;
				INFOPLIST_KEY_UILaunchScreen_Generation = YES;
				INFOPLIST_KEY_UISupportedInterfaceOrientations_iPad = "UIInterfaceOrientationPortrait UIInterfaceOrientationPortraitUpsideDown UIInterfaceOrientationLandscapeLeft UIInterfaceOrientationLandscapeRight";
				INFOPLIST_KEY_UISupportedInterfaceOrientations_iPhone = "UIInterfaceOrientationPortrait UIInterfaceOrientationLandscapeLeft UIInterfaceOrientationLandscapeRight";
				IPHONEOS_DEPLOYMENT_TARGET = 14.0;
				LD_RUNPATH_SEARCH_PATHS = (
					"$(inherited)",
					"@executable_path/Frameworks",
				);
				MARKETING_VERSION = 1.0;
				PRODUCT_BUNDLE_IDENTIFIER = com.vjc.MoviesDB;
				PRODUCT_NAME = "$(TARGET_NAME)";
				SWIFT_EMIT_LOC_STRINGS = YES;
				SWIFT_VERSION = 5.0;
				TARGETED_DEVICE_FAMILY = "1,2";
			};
			name = Release;
		};
		55730F5427CA0D7C006174A6 /* Debug */ = {
			isa = XCBuildConfiguration;
			buildSettings = {
				ALWAYS_EMBED_SWIFT_STANDARD_LIBRARIES = YES;
				BUNDLE_LOADER = "$(TEST_HOST)";
				CODE_SIGN_STYLE = Automatic;
				CURRENT_PROJECT_VERSION = 1;
				DEVELOPMENT_TEAM = 2KM52TUWUW;
				GENERATE_INFOPLIST_FILE = YES;
				IPHONEOS_DEPLOYMENT_TARGET = 15.0;
				LD_RUNPATH_SEARCH_PATHS = (
					"$(inherited)",
					"@executable_path/Frameworks",
					"@loader_path/Frameworks",
				);
				MARKETING_VERSION = 1.0;
				PRODUCT_BUNDLE_IDENTIFIER = com.vjc.MoviesDBTests;
				PRODUCT_NAME = "$(TARGET_NAME)";
				SWIFT_EMIT_LOC_STRINGS = NO;
				SWIFT_VERSION = 5.0;
				TARGETED_DEVICE_FAMILY = "1,2";
				TEST_HOST = "$(BUILT_PRODUCTS_DIR)/MoviesDB.app/MoviesDB";
			};
			name = Debug;
		};
		55730F5527CA0D7C006174A6 /* Release */ = {
			isa = XCBuildConfiguration;
			buildSettings = {
				ALWAYS_EMBED_SWIFT_STANDARD_LIBRARIES = YES;
				BUNDLE_LOADER = "$(TEST_HOST)";
				CODE_SIGN_STYLE = Automatic;
				CURRENT_PROJECT_VERSION = 1;
				DEVELOPMENT_TEAM = 2KM52TUWUW;
				GENERATE_INFOPLIST_FILE = YES;
				IPHONEOS_DEPLOYMENT_TARGET = 15.0;
				LD_RUNPATH_SEARCH_PATHS = (
					"$(inherited)",
					"@executable_path/Frameworks",
					"@loader_path/Frameworks",
				);
				MARKETING_VERSION = 1.0;
				PRODUCT_BUNDLE_IDENTIFIER = com.vjc.MoviesDBTests;
				PRODUCT_NAME = "$(TARGET_NAME)";
				SWIFT_EMIT_LOC_STRINGS = NO;
				SWIFT_VERSION = 5.0;
				TARGETED_DEVICE_FAMILY = "1,2";
				TEST_HOST = "$(BUILT_PRODUCTS_DIR)/MoviesDB.app/MoviesDB";
			};
			name = Release;
		};
		55730F5727CA0D7C006174A6 /* Debug */ = {
			isa = XCBuildConfiguration;
			buildSettings = {
				ALWAYS_EMBED_SWIFT_STANDARD_LIBRARIES = YES;
				CODE_SIGN_STYLE = Automatic;
				CURRENT_PROJECT_VERSION = 1;
				DEVELOPMENT_TEAM = 2KM52TUWUW;
				GENERATE_INFOPLIST_FILE = YES;
				LD_RUNPATH_SEARCH_PATHS = (
					"$(inherited)",
					"@executable_path/Frameworks",
					"@loader_path/Frameworks",
				);
				MARKETING_VERSION = 1.0;
				PRODUCT_BUNDLE_IDENTIFIER = com.vjc.MoviesDBUITests;
				PRODUCT_NAME = "$(TARGET_NAME)";
				SWIFT_EMIT_LOC_STRINGS = NO;
				SWIFT_VERSION = 5.0;
				TARGETED_DEVICE_FAMILY = "1,2";
				TEST_TARGET_NAME = MoviesDB;
			};
			name = Debug;
		};
		55730F5827CA0D7C006174A6 /* Release */ = {
			isa = XCBuildConfiguration;
			buildSettings = {
				ALWAYS_EMBED_SWIFT_STANDARD_LIBRARIES = YES;
				CODE_SIGN_STYLE = Automatic;
				CURRENT_PROJECT_VERSION = 1;
				DEVELOPMENT_TEAM = 2KM52TUWUW;
				GENERATE_INFOPLIST_FILE = YES;
				LD_RUNPATH_SEARCH_PATHS = (
					"$(inherited)",
					"@executable_path/Frameworks",
					"@loader_path/Frameworks",
				);
				MARKETING_VERSION = 1.0;
				PRODUCT_BUNDLE_IDENTIFIER = com.vjc.MoviesDBUITests;
				PRODUCT_NAME = "$(TARGET_NAME)";
				SWIFT_EMIT_LOC_STRINGS = NO;
				SWIFT_VERSION = 5.0;
				TARGETED_DEVICE_FAMILY = "1,2";
				TEST_TARGET_NAME = MoviesDB;
			};
			name = Release;
		};
/* End XCBuildConfiguration section */

/* Begin XCConfigurationList section */
		55730F2227CA0D7B006174A6 /* Build configuration list for PBXProject "MoviesDB" */ = {
			isa = XCConfigurationList;
			buildConfigurations = (
				55730F4E27CA0D7C006174A6 /* Debug */,
				55730F4F27CA0D7C006174A6 /* Release */,
			);
			defaultConfigurationIsVisible = 0;
			defaultConfigurationName = Release;
		};
		55730F5027CA0D7C006174A6 /* Build configuration list for PBXNativeTarget "MoviesDB" */ = {
			isa = XCConfigurationList;
			buildConfigurations = (
				55730F5127CA0D7C006174A6 /* Debug */,
				55730F5227CA0D7C006174A6 /* Release */,
			);
			defaultConfigurationIsVisible = 0;
			defaultConfigurationName = Release;
		};
		55730F5327CA0D7C006174A6 /* Build configuration list for PBXNativeTarget "MoviesDBTests" */ = {
			isa = XCConfigurationList;
			buildConfigurations = (
				55730F5427CA0D7C006174A6 /* Debug */,
				55730F5527CA0D7C006174A6 /* Release */,
			);
			defaultConfigurationIsVisible = 0;
			defaultConfigurationName = Release;
		};
		55730F5627CA0D7C006174A6 /* Build configuration list for PBXNativeTarget "MoviesDBUITests" */ = {
			isa = XCConfigurationList;
			buildConfigurations = (
				55730F5727CA0D7C006174A6 /* Debug */,
				55730F5827CA0D7C006174A6 /* Release */,
			);
			defaultConfigurationIsVisible = 0;
			defaultConfigurationName = Release;
		};
/* End XCConfigurationList section */

/* Begin XCVersionGroup section */
		55730F3527CA0D7C006174A6 /* MoviesDB.xcdatamodeld */ = {
			isa = XCVersionGroup;
			children = (
				55730F3627CA0D7C006174A6 /* MoviesDB.xcdatamodel */,
			);
			currentVersion = 55730F3627CA0D7C006174A6 /* MoviesDB.xcdatamodel */;
			path = MoviesDB.xcdatamodeld;
			sourceTree = "<group>";
			versionGroupType = wrapper.xcdatamodel;
		};
/* End XCVersionGroup section */
	};
	rootObject = 55730F1F27CA0D7B006174A6 /* Project object */;
}
